
Microsoft Visual Studio Solution File, Format Version 12.00
# Visual Studio 14
VisualStudioVersion = 14.0.25420.1
MinimumVisualStudioVersion = 10.0.40219.1
Project("{FAE04EC0-301F-11D3-BF4B-00C04F79EFBC}") = "CheckITWPF.App", "..\CheckITWPF.App\CheckITWPF.App.csproj", "{9895FDE2-22B2-45E4-BBAC-CF39A06FB359}"
EndProject
Project("{FAE04EC0-301F-11D3-BF4B-00C04F79EFBC}") = "marvinsmoviestore.Web", "..\CheckIT.Web\marvinsmoviestore.Web.csproj", "{E5FA5739-1294-4B4A-927A-2416540CC9E5}"
EndProject
Project("{FAE04EC0-301F-11D3-BF4B-00C04F79EFBC}") = "marvinsmoviestore.Test", "..\CheckIt.Test\marvinsmoviestore.Test.csproj", "{87D0D5DB-B924-4AF0-BCE7-4632BB0442B6}"
EndProject
Global
	GlobalSection(SolutionConfigurationPlatforms) = preSolution
		Debug|Any CPU = Debug|Any CPU
		Release|Any CPU = Release|Any CPU
	EndGlobalSection
	GlobalSection(ProjectConfigurationPlatforms) = postSolution
		{9895FDE2-22B2-45E4-BBAC-CF39A06FB359}.Debug|Any CPU.ActiveCfg = Debug|Any CPU
		{9895FDE2-22B2-45E4-BBAC-CF39A06FB359}.Debug|Any CPU.Build.0 = Debug|Any CPU
		{9895FDE2-22B2-45E4-BBAC-CF39A06FB359}.Release|Any CPU.ActiveCfg = Release|Any CPU
		{9895FDE2-22B2-45E4-BBAC-CF39A06FB359}.Release|Any CPU.Build.0 = Release|Any CPU
		{E5FA5739-1294-4B4A-927A-2416540CC9E5}.Debug|Any CPU.ActiveCfg = Debug|Any CPU
		{E5FA5739-1294-4B4A-927A-2416540CC9E5}.Debug|Any CPU.Build.0 = Debug|Any CPU
		{E5FA5739-1294-4B4A-927A-2416540CC9E5}.Release|Any CPU.ActiveCfg = Release|Any CPU
		{E5FA5739-1294-4B4A-927A-2416540CC9E5}.Release|Any CPU.Build.0 = Release|Any CPU
		{87D0D5DB-B924-4AF0-BCE7-4632BB0442B6}.Debug|Any CPU.ActiveCfg = Debug|Any CPU
		{87D0D5DB-B924-4AF0-BCE7-4632BB0442B6}.Debug|Any CPU.Build.0 = Debug|Any CPU
		{87D0D5DB-B924-4AF0-BCE7-4632BB0442B6}.Release|Any CPU.ActiveCfg = Release|Any CPU
		{87D0D5DB-B924-4AF0-BCE7-4632BB0442B6}.Release|Any CPU.Build.0 = Release|Any CPU
	EndGlobalSection
	GlobalSection(SolutionProperties) = preSolution
		HideSolutionNode = FALSE
	EndGlobalSection
EndGlobal
